<Solution>
  <Folder Name="/src/">
    <Project Path="src/AdventuresSuite.DatabaseMigrator/AdventuresSuite.DatabaseMigrator.csproj" />
    <Project Path="src/AdventuresSuite.Identity.ExternalId/AdventuresSuite.Identity.ExternalId.csproj" />
    <Project Path="src/AdventuresSuite.Identity.SqlServer/AdventuresSuite.Identity.SqlServer.csproj" />
    <Project Path="src/AdventuresSuite.Planning.SqlServer/AdventuresSuite.Planning.SqlServer.csproj" />
    <Project Path="src/TheSimontonAdventures.Web/TheSimontonAdventures.Web.csproj" />
  </Folder>
  <Folder Name="/tests/">
    <Project Path="tests/TheSimontonAdventures.Web.Tests/TheSimontonAdventures.Web.Tests.csproj" />
  </Folder>
</Solution>
