<Solution>
  <Folder Name="/src/">
    <Project Path="src/AdventuresSuite.Api/AdventuresSuite.Api.csproj" />
    <Project Path="src/AdventuresSuite.Authorization/AdventuresSuite.Authorization.csproj" />
    <Project Path="src/AdventuresSuite.Companion.Application/AdventuresSuite.Companion.Application.csproj" />
    <Project Path="src/AdventuresSuite.Companion.Client/AdventuresSuite.Companion.Client.csproj" />
    <Project Path="src/AdventuresSuite.Companion.Contracts/AdventuresSuite.Companion.Contracts.csproj" />
    <Project Path="src/AdventuresSuite.Companion.SqlServer/AdventuresSuite.Companion.SqlServer.csproj" />
    <Project Path="src/AdventuresSuite.DatabaseMigrator/AdventuresSuite.DatabaseMigrator.csproj" />
    <Project Path="src/AdventuresSuite.Authorization.SqlServer/AdventuresSuite.Authorization.SqlServer.csproj" />
    <Project Path="src/AdventuresSuite.Identity/AdventuresSuite.Identity.csproj" />
    <Project Path="src/AdventuresSuite.Identity.ExternalId/AdventuresSuite.Identity.ExternalId.csproj" />
    <Project Path="src/AdventuresSuite.Identity.SqlServer/AdventuresSuite.Identity.SqlServer.csproj" />
    <Project Path="src/AdventuresSuite.LocalAlphaBootstrap/AdventuresSuite.LocalAlphaBootstrap.csproj" />
    <Project Path="src/AdventuresSuite.Localization/AdventuresSuite.Localization.csproj" />
    <Project Path="src/AdventuresSuite.Planning.SqlServer/AdventuresSuite.Planning.SqlServer.csproj" />
    <Project Path="src/AdventuresSuite.Planning/AdventuresSuite.Planning.csproj" />
    <Project Path="src/TheSimontonAdventures.Web/TheSimontonAdventures.Web.csproj" />
  </Folder>
  <Folder Name="/tests/">
    <Project Path="tests/AdventuresSuite.Api.Tests/AdventuresSuite.Api.Tests.csproj" />
    <Project Path="tests/AdventuresSuite.Authorization.Tests/AdventuresSuite.Authorization.Tests.csproj" />
    <Project Path="tests/AdventuresSuite.Companion.Contracts.Tests/AdventuresSuite.Companion.Contracts.Tests.csproj" />
    <Project Path="tests/AdventuresSuite.Companion.Client.Tests/AdventuresSuite.Companion.Client.Tests.csproj" />
    <Project Path="tests/AdventuresSuite.Companion.Mobile.Tests/AdventuresSuite.Companion.Mobile.Tests.csproj" />
    <Project Path="tests/AdventuresSuite.Companion.Poc.Tests/AdventuresSuite.Companion.Poc.Tests.csproj" />
    <Project Path="tests/AdventuresSuite.Localization.Tests/AdventuresSuite.Localization.Tests.csproj" />
    <Project Path="tests/TheSimontonAdventures.Web.Tests/TheSimontonAdventures.Web.Tests.csproj" />
  </Folder>
</Solution>
